
Microsoft Visual Studio Solution File, Format Version 12.00
# Visual Studio Version 17
VisualStudioVersion = 17.0.32112.339
MinimumVisualStudioVersion = 10.0.40219.1
Project("{2150E333-8FDC-42A3-9474-1A3956D46DE8}") = "Src", "Src", "{2C22F773-37EA-49B9-B58A-AF5CD1280731}"
EndProject
Project("{FAE04EC0-301F-11D3-BF4B-00C04F79EFBC}") = "Application", "src\Application\Application.csproj", "{34A9F6D4-E636-42EA-B27C-04987D068CBF}"
EndProject
Project("{FAE04EC0-301F-11D3-BF4B-00C04F79EFBC}") = "Domain", "src\Domain\Domain.csproj", "{DD7C0320-5F5E-4765-BA94-1E25D3062787}"
EndProject
Project("{FAE04EC0-301F-11D3-BF4B-00C04F79EFBC}") = "Infrastructure", "src\Infrastructure\Infrastructure.csproj", "{286BF9B6-9ADB-47C6-8A92-9F7125EBD582}"
EndProject
Project("{FAE04EC0-301F-11D3-BF4B-00C04F79EFBC}") = "WebApi", "src\WebApi\WebApi.csproj", "{779D563A-A14B-4FAD-8AAB-1073FA70D75F}"
EndProject
Global
	GlobalSection(SolutionProperties) = preSolution
		HideSolutionNode = FALSE
	EndGlobalSection
	GlobalSection(ExtensibilityGlobals) = postSolution
		SolutionGuid = {541A8B5B-6B45-45A6-9B31-3FCE1C06F0B0}
	EndGlobalSection
	GlobalSection(NestedProjects) = preSolution
		{34A9F6D4-E636-42EA-B27C-04987D068CBF} = {2C22F773-37EA-49B9-B58A-AF5CD1280731}
		{DD7C0320-5F5E-4765-BA94-1E25D3062787} = {2C22F773-37EA-49B9-B58A-AF5CD1280731}
		{286BF9B6-9ADB-47C6-8A92-9F7125EBD582} = {2C22F773-37EA-49B9-B58A-AF5CD1280731}
		{779D563A-A14B-4FAD-8AAB-1073FA70D75F} = {2C22F773-37EA-49B9-B58A-AF5CD1280731}
	EndGlobalSection
	GlobalSection(ProjectConfigurationPlatforms) = postSolution
		{34A9F6D4-E636-42EA-B27C-04987D068CBF}.Debug|Any CPU.ActiveCfg = Debug|Any CPU
		{34A9F6D4-E636-42EA-B27C-04987D068CBF}.Debug|Any CPU.Build.0 = Debug|Any CPU
		{34A9F6D4-E636-42EA-B27C-04987D068CBF}.Release|Any CPU.ActiveCfg = Release|Any CPU
		{34A9F6D4-E636-42EA-B27C-04987D068CBF}.Release|Any CPU.Build.0 = Release|Any CPU
		{DD7C0320-5F5E-4765-BA94-1E25D3062787}.Debug|Any CPU.ActiveCfg = Debug|Any CPU
		{DD7C0320-5F5E-4765-BA94-1E25D3062787}.Debug|Any CPU.Build.0 = Debug|Any CPU
		{DD7C0320-5F5E-4765-BA94-1E25D3062787}.Release|Any CPU.ActiveCfg = Release|Any CPU
		{DD7C0320-5F5E-4765-BA94-1E25D3062787}.Release|Any CPU.Build.0 = Release|Any CPU
		{286BF9B6-9ADB-47C6-8A92-9F7125EBD582}.Debug|Any CPU.ActiveCfg = Debug|Any CPU
		{286BF9B6-9ADB-47C6-8A92-9F7125EBD582}.Debug|Any CPU.Build.0 = Debug|Any CPU
		{286BF9B6-9ADB-47C6-8A92-9F7125EBD582}.Release|Any CPU.ActiveCfg = Release|Any CPU
		{286BF9B6-9ADB-47C6-8A92-9F7125EBD582}.Release|Any CPU.Build.0 = Release|Any CPU
		{779D563A-A14B-4FAD-8AAB-1073FA70D75F}.Debug|Any CPU.ActiveCfg = Debug|Any CPU
		{779D563A-A14B-4FAD-8AAB-1073FA70D75F}.Debug|Any CPU.Build.0 = Debug|Any CPU
		{779D563A-A14B-4FAD-8AAB-1073FA70D75F}.Release|Any CPU.ActiveCfg = Release|Any CPU
		{779D563A-A14B-4FAD-8AAB-1073FA70D75F}.Release|Any CPU.Build.0 = Release|Any CPU
	EndGlobalSection
	GlobalSection(SolutionConfigurationPlatforms) = preSolution
		Debug|Any CPU = Debug|Any CPU
		Release|Any CPU = Release|Any CPU
	EndGlobalSection
EndGlobal
